
Microsoft Visual Studio Solution File, Format Version 12.00
# Visual Studio Version 16
VisualStudioVersion = 16.0.29613.14
MinimumVisualStudioVersion = 10.0.40219.1
Project("{FAE04EC0-301F-11D3-BF4B-00C04F79EFBC}") = "SampleFW.Web", "SampleFW.Web\SampleFW.Web.csproj", "{763F561F-0FAD-4C31-9D33-E18E33FC8E04}"
EndProject
Global
	GlobalSection(SolutionConfigurationPlatforms) = preSolution
		Debug|Any CPU = Debug|Any CPU
		Release|Any CPU = Release|Any CPU
	EndGlobalSection
	GlobalSection(ProjectConfigurationPlatforms) = postSolution
		{763F561F-0FAD-4C31-9D33-E18E33FC8E04}.Debug|Any CPU.ActiveCfg = Debug|Any CPU
		{763F561F-0FAD-4C31-9D33-E18E33FC8E04}.Debug|Any CPU.Build.0 = Debug|Any CPU
		{763F561F-0FAD-4C31-9D33-E18E33FC8E04}.Release|Any CPU.ActiveCfg = Release|Any CPU
		{763F561F-0FAD-4C31-9D33-E18E33FC8E04}.Release|Any CPU.Build.0 = Release|Any CPU
	EndGlobalSection
	GlobalSection(SolutionProperties) = preSolution
		HideSolutionNode = FALSE
	EndGlobalSection
	GlobalSection(ExtensibilityGlobals) = postSolution
		SolutionGuid = {8431F1F8-0E01-4DA7-858C-90E8D723059A}
	EndGlobalSection
EndGlobal
