
Microsoft Visual Studio Solution File, Format Version 12.00
# Visual Studio Version 16
VisualStudioVersion = 16.0.30717.126
MinimumVisualStudioVersion = 10.0.40219.1
Project("{2150E333-8FDC-42A3-9474-1A3956D46DE8}") = "Src", "Src", "{2D0E1C1B-FA50-4F51-82B1-E0A9AB0762E4}"
EndProject
Project("{2150E333-8FDC-42A3-9474-1A3956D46DE8}") = "Core", "Core", "{EFE7C62D-C909-401F-A643-7D348F5B3B7B}"
EndProject
Project("{2150E333-8FDC-42A3-9474-1A3956D46DE8}") = "Infrastructure", "Infrastructure", "{98404BF1-D2D7-4940-8DD7-E389BF763421}"
EndProject
Project("{2150E333-8FDC-42A3-9474-1A3956D46DE8}") = "Presentation", "Presentation", "{5FE34117-72BC-4596-8807-AEFFF8344DBB}"
EndProject
Project("{FAE04EC0-301F-11D3-BF4B-00C04F79EFBC}") = "Domain", "Src\Domain\Domain.csproj", "{603C46AB-DD76-472B-A7D2-0F732006236D}"
EndProject
Project("{FAE04EC0-301F-11D3-BF4B-00C04F79EFBC}") = "Application", "Src\Application\Application.csproj", "{694EA6A5-E1F2-4D15-9897-93F42008109E}"
EndProject
Project("{FAE04EC0-301F-11D3-BF4B-00C04F79EFBC}") = "Infrastructure", "Src\Infrastructure\Infrastructure.csproj", "{4CB2F51F-46C1-4041-B2F9-F425291D68F5}"
EndProject
Project("{FAE04EC0-301F-11D3-BF4B-00C04F79EFBC}") = "Persistence", "Src\Persistence\Persistence.csproj", "{909C09D0-73B6-4B85-A727-59D669DFF61B}"
EndProject
Project("{FAE04EC0-301F-11D3-BF4B-00C04F79EFBC}") = "WebMvc", "Src\WebMvc\WebMvc.csproj", "{F5408844-8FE9-48AF-8E11-6F33A970697A}"
EndProject
Global
	GlobalSection(SolutionConfigurationPlatforms) = preSolution
		Debug|Any CPU = Debug|Any CPU
		Release|Any CPU = Release|Any CPU
	EndGlobalSection
	GlobalSection(ProjectConfigurationPlatforms) = postSolution
		{603C46AB-DD76-472B-A7D2-0F732006236D}.Debug|Any CPU.ActiveCfg = Debug|Any CPU
		{603C46AB-DD76-472B-A7D2-0F732006236D}.Debug|Any CPU.Build.0 = Debug|Any CPU
		{603C46AB-DD76-472B-A7D2-0F732006236D}.Release|Any CPU.ActiveCfg = Release|Any CPU
		{603C46AB-DD76-472B-A7D2-0F732006236D}.Release|Any CPU.Build.0 = Release|Any CPU
		{694EA6A5-E1F2-4D15-9897-93F42008109E}.Debug|Any CPU.ActiveCfg = Debug|Any CPU
		{694EA6A5-E1F2-4D15-9897-93F42008109E}.Debug|Any CPU.Build.0 = Debug|Any CPU
		{694EA6A5-E1F2-4D15-9897-93F42008109E}.Release|Any CPU.ActiveCfg = Release|Any CPU
		{694EA6A5-E1F2-4D15-9897-93F42008109E}.Release|Any CPU.Build.0 = Release|Any CPU
		{4CB2F51F-46C1-4041-B2F9-F425291D68F5}.Debug|Any CPU.ActiveCfg = Debug|Any CPU
		{4CB2F51F-46C1-4041-B2F9-F425291D68F5}.Debug|Any CPU.Build.0 = Debug|Any CPU
		{4CB2F51F-46C1-4041-B2F9-F425291D68F5}.Release|Any CPU.ActiveCfg = Release|Any CPU
		{4CB2F51F-46C1-4041-B2F9-F425291D68F5}.Release|Any CPU.Build.0 = Release|Any CPU
		{909C09D0-73B6-4B85-A727-59D669DFF61B}.Debug|Any CPU.ActiveCfg = Debug|Any CPU
		{909C09D0-73B6-4B85-A727-59D669DFF61B}.Debug|Any CPU.Build.0 = Debug|Any CPU
		{909C09D0-73B6-4B85-A727-59D669DFF61B}.Release|Any CPU.ActiveCfg = Release|Any CPU
		{909C09D0-73B6-4B85-A727-59D669DFF61B}.Release|Any CPU.Build.0 = Release|Any CPU
		{F5408844-8FE9-48AF-8E11-6F33A970697A}.Debug|Any CPU.ActiveCfg = Debug|Any CPU
		{F5408844-8FE9-48AF-8E11-6F33A970697A}.Debug|Any CPU.Build.0 = Debug|Any CPU
		{F5408844-8FE9-48AF-8E11-6F33A970697A}.Release|Any CPU.ActiveCfg = Release|Any CPU
		{F5408844-8FE9-48AF-8E11-6F33A970697A}.Release|Any CPU.Build.0 = Release|Any CPU
	EndGlobalSection
	GlobalSection(SolutionProperties) = preSolution
		HideSolutionNode = FALSE
	EndGlobalSection
	GlobalSection(NestedProjects) = preSolution
		{EFE7C62D-C909-401F-A643-7D348F5B3B7B} = {2D0E1C1B-FA50-4F51-82B1-E0A9AB0762E4}
		{98404BF1-D2D7-4940-8DD7-E389BF763421} = {2D0E1C1B-FA50-4F51-82B1-E0A9AB0762E4}
		{5FE34117-72BC-4596-8807-AEFFF8344DBB} = {2D0E1C1B-FA50-4F51-82B1-E0A9AB0762E4}
		{603C46AB-DD76-472B-A7D2-0F732006236D} = {EFE7C62D-C909-401F-A643-7D348F5B3B7B}
		{694EA6A5-E1F2-4D15-9897-93F42008109E} = {EFE7C62D-C909-401F-A643-7D348F5B3B7B}
		{4CB2F51F-46C1-4041-B2F9-F425291D68F5} = {98404BF1-D2D7-4940-8DD7-E389BF763421}
		{909C09D0-73B6-4B85-A727-59D669DFF61B} = {98404BF1-D2D7-4940-8DD7-E389BF763421}
		{F5408844-8FE9-48AF-8E11-6F33A970697A} = {5FE34117-72BC-4596-8807-AEFFF8344DBB}
	EndGlobalSection
	GlobalSection(ExtensibilityGlobals) = postSolution
		SolutionGuid = {56293656-1CAD-471F-8658-39A1B393AB97}
	EndGlobalSection
EndGlobal
